// !$*UTF8*$!
{
	archiveVersion = 1;
	classes = {
	};
	objectVersion = 46;
	objects = {

/* Begin PBXBuildFile section */
		43606C431CDA99D9004CA4AD /* Dice.m in Sources */ = {isa = PBXBuildFile; fileRef = 43606C421CDA99D9004CA4AD /* Dice.m */; };
		43AE26C91CDA2D4300A7E945 /* main.m in Sources */ = {isa = PBXBuildFile; fileRef = 43AE26C81CDA2D4300A7E945 /* main.m */; };
		43F349AC1CDA6B0D008DEBEA /* GameController.m in Sources */ = {isa = PBXBuildFile; fileRef = 43F349AB1CDA6B0D008DEBEA /* GameController.m */; };
/* End PBXBuildFile section */

/* Begin PBXCopyFilesBuildPhase section */
		43AE26C31CDA2D4300A7E945 /* CopyFiles */ = {
			isa = PBXCopyFilesBuildPhase;
			buildActionMask = 2147483647;
			dstPath = /usr/share/man/man1/;
			dstSubfolderSpec = 0;
			files = (
			);
			runOnlyForDeploymentPostprocessing = 1;
		};
/* End PBXCopyFilesBuildPhase section */

/* Begin PBXFileReference section */
		43606C411CDA99D9004CA4AD /* Dice.h */ = {isa = PBXFileReference; fileEncoding = 4; lastKnownFileType = sourcecode.c.h; path = Dice.h; sourceTree = "<group>"; };
		43606C421CDA99D9004CA4AD /* Dice.m */ = {isa = PBXFileReference; fileEncoding = 4; lastKnownFileType = sourcecode.c.objc; path = Dice.m; sourceTree = "<group>"; };
		43AE26C51CDA2D4300A7E945 /* Threelow */ = {isa = PBXFileReference; explicitFileType = "compiled.mach-o.executable"; includeInIndex = 0; path = Threelow; sourceTree = BUILT_PRODUCTS_DIR; };
		43AE26C81CDA2D4300A7E945 /* main.m */ = {isa = PBXFileReference; lastKnownFileType = sourcecode.c.objc; path = main.m; sourceTree = "<group>"; };
		43F349AA1CDA6B0D008DEBEA /* GameController.h */ = {isa = PBXFileReference; fileEncoding = 4; lastKnownFileType = sourcecode.c.h; path = GameController.h; sourceTree = "<group>"; };
		43F349AB1CDA6B0D008DEBEA /* GameController.m */ = {isa = PBXFileReference; fileEncoding = 4; lastKnownFileType = sourcecode.c.objc; path = GameController.m; sourceTree = "<group>"; };
/* End PBXFileReference section */

/* Begin PBXFrameworksBuildPhase section */
		43AE26C21CDA2D4300A7E945 /* Frameworks */ = {
			isa = PBXFrameworksBuildPhase;
			buildActionMask = 2147483647;
			files = (
			);
			runOnlyForDeploymentPostprocessing = 0;
		};
/* End PBXFrameworksBuildPhase section */

/* Begin PBXGroup section */
		43AE26BC1CDA2D4300A7E945 = {
			isa = PBXGroup;
			children = (
				43AE26C71CDA2D4300A7E945 /* Threelow */,
				43AE26C61CDA2D4300A7E945 /* Products */,
			);
			sourceTree = "<group>";
		};
		43AE26C61CDA2D4300A7E945 /* Products */ = {
			isa = PBXGroup;
			children = (
				43AE26C51CDA2D4300A7E945 /* Threelow */,
			);
			name = Products;
			sourceTree = "<group>";
		};
		43AE26C71CDA2D4300A7E945 /* Threelow */ = {
			isa = PBXGroup;
			children = (
				43AE26C81CDA2D4300A7E945 /* main.m */,
				43606C411CDA99D9004CA4AD /* Dice.h */,
				43606C421CDA99D9004CA4AD /* Dice.m */,
				43F349AA1CDA6B0D008DEBEA /* GameController.h */,
				43F349AB1CDA6B0D008DEBEA /* GameController.m */,
			);
			path = Threelow;
			sourceTree = "<group>";
		};
/* End PBXGroup section */

/* Begin PBXNativeTarget section */
		43AE26C41CDA2D4300A7E945 /* Threelow */ = {
			isa = PBXNativeTarget;
			buildConfigurationList = 43AE26CC1CDA2D4300A7E945 /* Build configuration list for PBXNativeTarget "Threelow" */;
			buildPhases = (
				43AE26C11CDA2D4300A7E945 /* Sources */,
				43AE26C21CDA2D4300A7E945 /* Frameworks */,
				43AE26C31CDA2D4300A7E945 /* CopyFiles */,
			);
			buildRules = (
			);
			dependencies = (
			);
			name = Threelow;
			productName = Threelow;
			productReference = 43AE26C51CDA2D4300A7E945 /* Threelow */;
			productType = "com.apple.product-type.tool";
		};
/* End PBXNativeTarget section */

/* Begin PBXProject section */
		43AE26BD1CDA2D4300A7E945 /* Project object */ = {
			isa = PBXProject;
			attributes = {
				LastUpgradeCheck = 0720;
				ORGANIZATIONNAME = Vectura;
				TargetAttributes = {
					43AE26C41CDA2D4300A7E945 = {
						CreatedOnToolsVersion = 7.2.1;
					};
				};
			};
			buildConfigurationList = 43AE26C01CDA2D4300A7E945 /* Build configuration list for PBXProject "Threelow" */;
			compatibilityVersion = "Xcode 3.2";
			developmentRegion = English;
			hasScannedForEncodings = 0;
			knownRegions = (
				en,
			);
			mainGroup = 43AE26BC1CDA2D4300A7E945;
			productRefGroup = 43AE26C61CDA2D4300A7E945 /* Products */;
			projectDirPath = "";
			projectRoot = "";
			targets = (
				43AE26C41CDA2D4300A7E945 /* Threelow */,
			);
		};
/* End PBXProject section */

/* Begin PBXSourcesBuildPhase section */
		43AE26C11CDA2D4300A7E945 /* Sources */ = {
			isa = PBXSourcesBuildPhase;
			buildActionMask = 2147483647;
			files = (
				43F349AC1CDA6B0D008DEBEA /* GameController.m in Sources */,
				43606C431CDA99D9004CA4AD /* Dice.m in Sources */,
				43AE26C91CDA2D4300A7E945 /* main.m in Sources */,
			);
			runOnlyForDeploymentPostprocessing = 0;
		};
/* End PBXSourcesBuildPhase section */

/* Begin XCBuildConfiguration section */
		43AE26CA1CDA2D4300A7E945 /* Debug */ = {
			isa = XCBuildConfiguration;
			buildSettings = {
				ALWAYS_SEARCH_USER_PATHS = NO;
				CLANG_CXX_LANGUAGE_STANDARD = "gnu++0x";
				CLANG_CXX_LIBRARY = "libc++";
				CLANG_ENABLE_MODULES = YES;
				CLANG_ENABLE_OBJC_ARC = YES;
				CLANG_WARN_BOOL_CONVERSION = YES;
				CLANG_WARN_CONSTANT_CONVERSION = YES;
				CLANG_WARN_DIRECT_OBJC_ISA_USAGE = YES_ERROR;
				CLANG_WARN_EMPTY_BODY = YES;
				CLANG_WARN_ENUM_CONVERSION = YES;
				CLANG_WARN_INT_CONVERSION = YES;
				CLANG_WARN_OBJC_ROOT_CLASS = YES_ERROR;
				CLANG_WARN_UNREACHABLE_CODE = YES;
				CLANG_WARN__DUPLICATE_METHOD_MATCH = YES;
				CODE_SIGN_IDENTITY = "-";
				COPY_PHASE_STRIP = NO;
				DEBUG_INFORMATION_FORMAT = dwarf;
				ENABLE_STRICT_OBJC_MSGSEND = YES;
				ENABLE_TESTABILITY = YES;
				GCC_C_LANGUAGE_STANDARD = gnu99;
				GCC_DYNAMIC_NO_PIC = NO;
				GCC_NO_COMMON_BLOCKS = YES;
				GCC_OPTIMIZATION_LEVEL = 0;
				GCC_PREPROCESSOR_DEFINITIONS = (
					"DEBUG=1",
					"$(inherited)",
				);
				GCC_WARN_64_TO_32_BIT_CONVERSION = YES;
				GCC_WARN_ABOUT_RETURN_TYPE = YES_ERROR;
				GCC_WARN_UNDECLARED_SELECTOR = YES;
				GCC_WARN_UNINITIALIZED_AUTOS = YES_AGGRESSIVE;
				GCC_WARN_UNUSED_FUNCTION = YES;
				GCC_WARN_UNUSED_VARIABLE = YES;
				MACOSX_DEPLOYMENT_TARGET = 10.10;
				MTL_ENABLE_DEBUG_INFO = YES;
				ONLY_ACTIVE_ARCH = YES;
				SDKROOT = macosx;
			};
			name = Debug;
		};
		43AE26CB1CDA2D4300A7E945 /* Release */ = {
			isa = XCBuildConfiguration;
			buildSettings = {
				ALWAYS_SEARCH_USER_PATHS = NO;
				CLANG_CXX_LANGUAGE_STANDARD = "gnu++0x";
				CLANG_CXX_LIBRARY = "libc++";
				CLANG_ENABLE_MODULES = YES;
				CLANG_ENABLE_OBJC_ARC = YES;
				CLANG_WARN_BOOL_CONVERSION = YES;
				CLANG_WARN_CONSTANT_CONVERSION = YES;
				CLANG_WARN_DIRECT_OBJC_ISA_USAGE = YES_ERROR;
				CLANG_WARN_EMPTY_BODY = YES;
				CLANG_WARN_ENUM_CONVERSION = YES;
				CLANG_WARN_INT_CONVERSION = YES;
				CLANG_WARN_OBJC_ROOT_CLASS = YES_ERROR;
				CLANG_WARN_UNREACHABLE_CODE = YES;
				CLANG_WARN__DUPLICATE_METHOD_MATCH = YES;
				CODE_SIGN_IDENTITY = "-";
				COPY_PHASE_STRIP = NO;
				DEBUG_INFORMATION_FORMAT = "dwarf-with-dsym";
				ENABLE_NS_ASSERTIONS = NO;
				ENABLE_STRICT_OBJC_MSGSEND = YES;
				GCC_C_LANGUAGE_STANDARD = gnu99;
				GCC_NO_COMMON_BLOCKS = YES;
				GCC_WARN_64_TO_32_BIT_CONVERSION = YES;
				GCC_WARN_ABOUT_RETURN_TYPE = YES_ERROR;
				GCC_WARN_UNDECLARED_SELECTOR = YES;
				GCC_WARN_UNINITIALIZED_AUTOS = YES_AGGRESSIVE;
				GCC_WARN_UNUSED_FUNCTION = YES;
				GCC_WARN_UNUSED_VARIABLE = YES;
				MACOSX_DEPLOYMENT_TARGET = 10.10;
				MTL_ENABLE_DEBUG_INFO = NO;
				SDKROOT = macosx;
			};
			name = Release;
		};
		43AE26CD1CDA2D4300A7E945 /* Debug */ = {
			isa = XCBuildConfiguration;
			buildSettings = {
				PRODUCT_NAME = "$(TARGET_NAME)";
			};
			name = Debug;
		};
		43AE26CE1CDA2D4300A7E945 /* Release */ = {
			isa = XCBuildConfiguration;
			buildSettings = {
				PRODUCT_NAME = "$(TARGET_NAME)";
			};
			name = Release;
		};
/* End XCBuildConfiguration section */

/* Begin XCConfigurationList section */
		43AE26C01CDA2D4300A7E945 /* Build configuration list for PBXProject "Threelow" */ = {
			isa = XCConfigurationList;
			buildConfigurations = (
				43AE26CA1CDA2D4300A7E945 /* Debug */,
				43AE26CB1CDA2D4300A7E945 /* Release */,
			);
			defaultConfigurationIsVisible = 0;
			defaultConfigurationName = Release;
		};
		43AE26CC1CDA2D4300A7E945 /* Build configuration list for PBXNativeTarget "Threelow" */ = {
			isa = XCConfigurationList;
			buildConfigurations = (
				43AE26CD1CDA2D4300A7E945 /* Debug */,
				43AE26CE1CDA2D4300A7E945 /* Release */,
			);
			defaultConfigurationIsVisible = 0;
			defaultConfigurationName = Release;
		};
/* End XCConfigurationList section */
	};
	rootObject = 43AE26BD1CDA2D4300A7E945 /* Project object */;
}
